// !$*UTF8*$!
{
	archiveVersion = 1;
	classes = {
	};
	objectVersion = 55;
	objects = {

/* Begin PBXBuildFile section */
		96BCA20E27976A0800C0B75B /* AppDelegate.swift in Sources */ = {isa = PBXBuildFile; fileRef = 96BCA20D27976A0800C0B75B /* AppDelegate.swift */; };
		96BCA21027976A0800C0B75B /* SceneDelegate.swift in Sources */ = {isa = PBXBuildFile; fileRef = 96BCA20F27976A0800C0B75B /* SceneDelegate.swift */; };
		96BCA21227976A0800C0B75B /* ViewController.swift in Sources */ = {isa = PBXBuildFile; fileRef = 96BCA21127976A0800C0B75B /* ViewController.swift */; };
		96BCA21527976A0800C0B75B /* Main.storyboard in Resources */ = {isa = PBXBuildFile; fileRef = 96BCA21327976A0800C0B75B /* Main.storyboard */; };
		96BCA21727976A0A00C0B75B /* Assets.xcassets in Resources */ = {isa = PBXBuildFile; fileRef = 96BCA21627976A0A00C0B75B /* Assets.xcassets */; };
		96BCA21A27976A0A00C0B75B /* LaunchScreen.storyboard in Resources */ = {isa = PBXBuildFile; fileRef = 96BCA21827976A0A00C0B75B /* LaunchScreen.storyboard */; };
		96BCA22527976A0A00C0B75B /* Prework2ndtryTests.swift in Sources */ = {isa = PBXBuildFile; fileRef = 96BCA22427976A0A00C0B75B /* Prework2ndtryTests.swift */; };
		96BCA22F27976A0A00C0B75B /* Prework2ndtryUITests.swift in Sources */ = {isa = PBXBuildFile; fileRef = 96BCA22E27976A0A00C0B75B /* Prework2ndtryUITests.swift */; };
		96BCA23127976A0A00C0B75B /* Prework2ndtryUITestsLaunchTests.swift in Sources */ = {isa = PBXBuildFile; fileRef = 96BCA23027976A0A00C0B75B /* Prework2ndtryUITestsLaunchTests.swift */; };
/* End PBXBuildFile section */

/* Begin PBXContainerItemProxy section */
		96BCA22127976A0A00C0B75B /* PBXContainerItemProxy */ = {
			isa = PBXContainerItemProxy;
			containerPortal = 96BCA20227976A0800C0B75B /* Project object */;
			proxyType = 1;
			remoteGlobalIDString = 96BCA20927976A0800C0B75B;
			remoteInfo = Prework2ndtry;
		};
		96BCA22B27976A0A00C0B75B /* PBXContainerItemProxy */ = {
			isa = PBXContainerItemProxy;
			containerPortal = 96BCA20227976A0800C0B75B /* Project object */;
			proxyType = 1;
			remoteGlobalIDString = 96BCA20927976A0800C0B75B;
			remoteInfo = Prework2ndtry;
		};
/* End PBXContainerItemProxy section */

/* Begin PBXFileReference section */
		96BCA20A27976A0800C0B75B /* Prework2ndtry.app */ = {isa = PBXFileReference; explicitFileType = wrapper.application; includeInIndex = 0; path = Prework2ndtry.app; sourceTree = BUILT_PRODUCTS_DIR; };
		96BCA20D27976A0800C0B75B /* AppDelegate.swift */ = {isa = PBXFileReference; lastKnownFileType = sourcecode.swift; path = AppDelegate.swift; sourceTree = "<group>"; };
		96BCA20F27976A0800C0B75B /* SceneDelegate.swift */ = {isa = PBXFileReference; lastKnownFileType = sourcecode.swift; path = SceneDelegate.swift; sourceTree = "<group>"; };
		96BCA21127976A0800C0B75B /* ViewController.swift */ = {isa = PBXFileReference; lastKnownFileType = sourcecode.swift; path = ViewController.swift; sourceTree = "<group>"; };
		96BCA21427976A0800C0B75B /* Base */ = {isa = PBXFileReference; lastKnownFileType = file.storyboard; name = Base; path = Base.lproj/Main.storyboard; sourceTree = "<group>"; };
		96BCA21627976A0A00C0B75B /* Assets.xcassets */ = {isa = PBXFileReference; lastKnownFileType = folder.assetcatalog; path = Assets.xcassets; sourceTree = "<group>"; };
		96BCA21927976A0A00C0B75B /* Base */ = {isa = PBXFileReference; lastKnownFileType = file.storyboard; name = Base; path = Base.lproj/LaunchScreen.storyboard; sourceTree = "<group>"; };
		96BCA21B27976A0A00C0B75B /* Info.plist */ = {isa = PBXFileReference; lastKnownFileType = text.plist.xml; path = Info.plist; sourceTree = "<group>"; };
		96BCA22027976A0A00C0B75B /* Prework2ndtryTests.xctest */ = {isa = PBXFileReference; explicitFileType = wrapper.cfbundle; includeInIndex = 0; path = Prework2ndtryTests.xctest; sourceTree = BUILT_PRODUCTS_DIR; };
		96BCA22427976A0A00C0B75B /* Prework2ndtryTests.swift */ = {isa = PBXFileReference; lastKnownFileType = sourcecode.swift; path = Prework2ndtryTests.swift; sourceTree = "<group>"; };
		96BCA22A27976A0A00C0B75B /* Prework2ndtryUITests.xctest */ = {isa = PBXFileReference; explicitFileType = wrapper.cfbundle; includeInIndex = 0; path = Prework2ndtryUITests.xctest; sourceTree = BUILT_PRODUCTS_DIR; };
		96BCA22E27976A0A00C0B75B /* Prework2ndtryUITests.swift */ = {isa = PBXFileReference; lastKnownFileType = sourcecode.swift; path = Prework2ndtryUITests.swift; sourceTree = "<group>"; };
		96BCA23027976A0A00C0B75B /* Prework2ndtryUITestsLaunchTests.swift */ = {isa = PBXFileReference; lastKnownFileType = sourcecode.swift; path = Prework2ndtryUITestsLaunchTests.swift; sourceTree = "<group>"; };
/* End PBXFileReference section */

/* Begin PBXFrameworksBuildPhase section */
		96BCA20727976A0800C0B75B /* Frameworks */ = {
			isa = PBXFrameworksBuildPhase;
			buildActionMask = 2147483647;
			files = (
			);
			runOnlyForDeploymentPostprocessing = 0;
		};
		96BCA21D27976A0A00C0B75B /* Frameworks */ = {
			isa = PBXFrameworksBuildPhase;
			buildActionMask = 2147483647;
			files = (
			);
			runOnlyForDeploymentPostprocessing = 0;
		};
		96BCA22727976A0A00C0B75B /* Frameworks */ = {
			isa = PBXFrameworksBuildPhase;
			buildActionMask = 2147483647;
			files = (
			);
			runOnlyForDeploymentPostprocessing = 0;
		};
/* End PBXFrameworksBuildPhase section */

/* Begin PBXGroup section */
		96BCA20127976A0800C0B75B = {
			isa = PBXGroup;
			children = (
				96BCA20C27976A0800C0B75B /* Prework2ndtry */,
				96BCA22327976A0A00C0B75B /* Prework2ndtryTests */,
				96BCA22D27976A0A00C0B75B /* Prework2ndtryUITests */,
				96BCA20B27976A0800C0B75B /* Products */,
			);
			sourceTree = "<group>";
		};
		96BCA20B27976A0800C0B75B /* Products */ = {
			isa = PBXGroup;
			children = (
				96BCA20A27976A0800C0B75B /* Prework2ndtry.app */,
				96BCA22027976A0A00C0B75B /* Prework2ndtryTests.xctest */,
				96BCA22A27976A0A00C0B75B /* Prework2ndtryUITests.xctest */,
			);
			name = Products;
			sourceTree = "<group>";
		};
		96BCA20C27976A0800C0B75B /* Prework2ndtry */ = {
			isa = PBXGroup;
			children = (
				96BCA20D27976A0800C0B75B /* AppDelegate.swift */,
				96BCA20F27976A0800C0B75B /* SceneDelegate.swift */,
				96BCA21127976A0800C0B75B /* ViewController.swift */,
				96BCA21327976A0800C0B75B /* Main.storyboard */,
				96BCA21627976A0A00C0B75B /* Assets.xcassets */,
				96BCA21827976A0A00C0B75B /* LaunchScreen.storyboard */,
				96BCA21B27976A0A00C0B75B /* Info.plist */,
			);
			path = Prework2ndtry;
			sourceTree = "<group>";
		};
		96BCA22327976A0A00C0B75B /* Prework2ndtryTests */ = {
			isa = PBXGroup;
			children = (
				96BCA22427976A0A00C0B75B /* Prework2ndtryTests.swift */,
			);
			path = Prework2ndtryTests;
			sourceTree = "<group>";
		};
		96BCA22D27976A0A00C0B75B /* Prework2ndtryUITests */ = {
			isa = PBXGroup;
			children = (
				96BCA22E27976A0A00C0B75B /* Prework2ndtryUITests.swift */,
				96BCA23027976A0A00C0B75B /* Prework2ndtryUITestsLaunchTests.swift */,
			);
			path = Prework2ndtryUITests;
			sourceTree = "<group>";
		};
/* End PBXGroup section */

/* Begin PBXNativeTarget section */
		96BCA20927976A0800C0B75B /* Prework2ndtry */ = {
			isa = PBXNativeTarget;
			buildConfigurationList = 96BCA23427976A0A00C0B75B /* Build configuration list for PBXNativeTarget "Prework2ndtry" */;
			buildPhases = (
				96BCA20627976A0800C0B75B /* Sources */,
				96BCA20727976A0800C0B75B /* Frameworks */,
				96BCA20827976A0800C0B75B /* Resources */,
			);
			buildRules = (
			);
			dependencies = (
			);
			name = Prework2ndtry;
			productName = Prework2ndtry;
			productReference = 96BCA20A27976A0800C0B75B /* Prework2ndtry.app */;
			productType = "com.apple.product-type.application";
		};
		96BCA21F27976A0A00C0B75B /* Prework2ndtryTests */ = {
			isa = PBXNativeTarget;
			buildConfigurationList = 96BCA23727976A0A00C0B75B /* Build configuration list for PBXNativeTarget "Prework2ndtryTests" */;
			buildPhases = (
				96BCA21C27976A0A00C0B75B /* Sources */,
				96BCA21D27976A0A00C0B75B /* Frameworks */,
				96BCA21E27976A0A00C0B75B /* Resources */,
			);
			buildRules = (
			);
			dependencies = (
				96BCA22227976A0A00C0B75B /* PBXTargetDependency */,
			);
			name = Prework2ndtryTests;
			productName = Prework2ndtryTests;
			productReference = 96BCA22027976A0A00C0B75B /* Prework2ndtryTests.xctest */;
			productType = "com.apple.product-type.bundle.unit-test";
		};
		96BCA22927976A0A00C0B75B /* Prework2ndtryUITests */ = {
			isa = PBXNativeTarget;
			buildConfigurationList = 96BCA23A27976A0A00C0B75B /* Build configuration list for PBXNativeTarget "Prework2ndtryUITests" */;
			buildPhases = (
				96BCA22627976A0A00C0B75B /* Sources */,
				96BCA22727976A0A00C0B75B /* Frameworks */,
				96BCA22827976A0A00C0B75B /* Resources */,
			);
			buildRules = (
			);
			dependencies = (
				96BCA22C27976A0A00C0B75B /* PBXTargetDependency */,
			);
			name = Prework2ndtryUITests;
			productName = Prework2ndtryUITests;
			productReference = 96BCA22A27976A0A00C0B75B /* Prework2ndtryUITests.xctest */;
			productType = "com.apple.product-type.bundle.ui-testing";
		};
/* End PBXNativeTarget section */

/* Begin PBXProject section */
		96BCA20227976A0800C0B75B /* Project object */ = {
			isa = PBXProject;
			attributes = {
				BuildIndependentTargetsInParallel = 1;
				LastSwiftUpdateCheck = 1320;
				LastUpgradeCheck = 1320;
				TargetAttributes = {
					96BCA20927976A0800C0B75B = {
						CreatedOnToolsVersion = 13.2.1;
					};
					96BCA21F27976A0A00C0B75B = {
						CreatedOnToolsVersion = 13.2.1;
						TestTargetID = 96BCA20927976A0800C0B75B;
					};
					96BCA22927976A0A00C0B75B = {
						CreatedOnToolsVersion = 13.2.1;
						TestTargetID = 96BCA20927976A0800C0B75B;
					};
				};
			};
			buildConfigurationList = 96BCA20527976A0800C0B75B /* Build configuration list for PBXProject "Prework2ndtry" */;
			compatibilityVersion = "Xcode 13.0";
			developmentRegion = en;
			hasScannedForEncodings = 0;
			knownRegions = (
				en,
				Base,
			);
			mainGroup = 96BCA20127976A0800C0B75B;
			productRefGroup = 96BCA20B27976A0800C0B75B /* Products */;
			projectDirPath = "";
			projectRoot = "";
			targets = (
				96BCA20927976A0800C0B75B /* Prework2ndtry */,
				96BCA21F27976A0A00C0B75B /* Prework2ndtryTests */,
				96BCA22927976A0A00C0B75B /* Prework2ndtryUITests */,
			);
		};
/* End PBXProject section */

/* Begin PBXResourcesBuildPhase section */
		96BCA20827976A0800C0B75B /* Resources */ = {
			isa = PBXResourcesBuildPhase;
			buildActionMask = 2147483647;
			files = (
				96BCA21A27976A0A00C0B75B /* LaunchScreen.storyboard in Resources */,
				96BCA21727976A0A00C0B75B /* Assets.xcassets in Resources */,
				96BCA21527976A0800C0B75B /* Main.storyboard in Resources */,
			);
			runOnlyForDeploymentPostprocessing = 0;
		};
		96BCA21E27976A0A00C0B75B /* Resources */ = {
			isa = PBXResourcesBuildPhase;
			buildActionMask = 2147483647;
			files = (
			);
			runOnlyForDeploymentPostprocessing = 0;
		};
		96BCA22827976A0A00C0B75B /* Resources */ = {
			isa = PBXResourcesBuildPhase;
			buildActionMask = 2147483647;
			files = (
			);
			runOnlyForDeploymentPostprocessing = 0;
		};
/* End PBXResourcesBuildPhase section */

/* Begin PBXSourcesBuildPhase section */
		96BCA20627976A0800C0B75B /* Sources */ = {
			isa = PBXSourcesBuildPhase;
			buildActionMask = 2147483647;
			files = (
				96BCA21227976A0800C0B75B /* ViewController.swift in Sources */,
				96BCA20E27976A0800C0B75B /* AppDelegate.swift in Sources */,
				96BCA21027976A0800C0B75B /* SceneDelegate.swift in Sources */,
			);
			runOnlyForDeploymentPostprocessing = 0;
		};
		96BCA21C27976A0A00C0B75B /* Sources */ = {
			isa = PBXSourcesBuildPhase;
			buildActionMask = 2147483647;
			files = (
				96BCA22527976A0A00C0B75B /* Prework2ndtryTests.swift in Sources */,
			);
			runOnlyForDeploymentPostprocessing = 0;
		};
		96BCA22627976A0A00C0B75B /* Sources */ = {
			isa = PBXSourcesBuildPhase;
			buildActionMask = 2147483647;
			files = (
				96BCA23127976A0A00C0B75B /* Prework2ndtryUITestsLaunchTests.swift in Sources */,
				96BCA22F27976A0A00C0B75B /* Prework2ndtryUITests.swift in Sources */,
			);
			runOnlyForDeploymentPostprocessing = 0;
		};
/* End PBXSourcesBuildPhase section */

/* Begin PBXTargetDependency section */
		96BCA22227976A0A00C0B75B /* PBXTargetDependency */ = {
			isa = PBXTargetDependency;
			target = 96BCA20927976A0800C0B75B /* Prework2ndtry */;
			targetProxy = 96BCA22127976A0A00C0B75B /* PBXContainerItemProxy */;
		};
		96BCA22C27976A0A00C0B75B /* PBXTargetDependency */ = {
			isa = PBXTargetDependency;
			target = 96BCA20927976A0800C0B75B /* Prework2ndtry */;
			targetProxy = 96BCA22B27976A0A00C0B75B /* PBXContainerItemProxy */;
		};
/* End PBXTargetDependency section */

/* Begin PBXVariantGroup section */
		96BCA21327976A0800C0B75B /* Main.storyboard */ = {
			isa = PBXVariantGroup;
			children = (
				96BCA21427976A0800C0B75B /* Base */,
			);
			name = Main.storyboard;
			sourceTree = "<group>";
		};
		96BCA21827976A0A00C0B75B /* LaunchScreen.storyboard */ = {
			isa = PBXVariantGroup;
			children = (
				96BCA21927976A0A00C0B75B /* Base */,
			);
			name = LaunchScreen.storyboard;
			sourceTree = "<group>";
		};
/* End PBXVariantGroup section */

/* Begin XCBuildConfiguration section */
		96BCA23227976A0A00C0B75B /* Debug */ = {
			isa = XCBuildConfiguration;
			buildSettings = {
				ALWAYS_SEARCH_USER_PATHS = NO;
				CLANG_ANALYZER_NONNULL = YES;
				CLANG_ANALYZER_NUMBER_OBJECT_CONVERSION = YES_AGGRESSIVE;
				CLANG_CXX_LANGUAGE_STANDARD = "gnu++17";
				CLANG_CXX_LIBRARY = "libc++";
				CLANG_ENABLE_MODULES = YES;
				CLANG_ENABLE_OBJC_ARC = YES;
				CLANG_ENABLE_OBJC_WEAK = YES;
				CLANG_WARN_BLOCK_CAPTURE_AUTORELEASING = YES;
				CLANG_WARN_BOOL_CONVERSION = YES;
				CLANG_WARN_COMMA = YES;
				CLANG_WARN_CONSTANT_CONVERSION = YES;
				CLANG_WARN_DEPRECATED_OBJC_IMPLEMENTATIONS = YES;
				CLANG_WARN_DIRECT_OBJC_ISA_USAGE = YES_ERROR;
				CLANG_WARN_DOCUMENTATION_COMMENTS = YES;
				CLANG_WARN_EMPTY_BODY = YES;
				CLANG_WARN_ENUM_CONVERSION = YES;
				CLANG_WARN_INFINITE_RECURSION = YES;
				CLANG_WARN_INT_CONVERSION = YES;
				CLANG_WARN_NON_LITERAL_NULL_CONVERSION = YES;
				CLANG_WARN_OBJC_IMPLICIT_RETAIN_SELF = YES;
				CLANG_WARN_OBJC_LITERAL_CONVERSION = YES;
				CLANG_WARN_OBJC_ROOT_CLASS = YES_ERROR;
				CLANG_WARN_QUOTED_INCLUDE_IN_FRAMEWORK_HEADER = YES;
				CLANG_WARN_RANGE_LOOP_ANALYSIS = YES;
				CLANG_WARN_STRICT_PROTOTYPES = YES;
				CLANG_WARN_SUSPICIOUS_MOVE = YES;
				CLANG_WARN_UNGUARDED_AVAILABILITY = YES_AGGRESSIVE;
				CLANG_WARN_UNREACHABLE_CODE = YES;
				CLANG_WARN__DUPLICATE_METHOD_MATCH = YES;
				COPY_PHASE_STRIP = NO;
				DEBUG_INFORMATION_FORMAT = dwarf;
				ENABLE_STRICT_OBJC_MSGSEND = YES;
				ENABLE_TESTABILITY = YES;
				GCC_C_LANGUAGE_STANDARD = gnu11;
				GCC_DYNAMIC_NO_PIC = NO;
				GCC_NO_COMMON_BLOCKS = YES;
				GCC_OPTIMIZATION_LEVEL = 0;
				GCC_PREPROCESSOR_DEFINITIONS = (
					"DEBUG=1",
					"$(inherited)",
				);
				GCC_WARN_64_TO_32_BIT_CONVERSION = YES;
				GCC_WARN_ABOUT_RETURN_TYPE = YES_ERROR;
				GCC_WARN_UNDECLARED_SELECTOR = YES;
				GCC_WARN_UNINITIALIZED_AUTOS = YES_AGGRESSIVE;
				GCC_WARN_UNUSED_FUNCTION = YES;
				GCC_WARN_UNUSED_VARIABLE = YES;
				IPHONEOS_DEPLOYMENT_TARGET = 15.2;
				MTL_ENABLE_DEBUG_INFO = INCLUDE_SOURCE;
				MTL_FAST_MATH = YES;
				ONLY_ACTIVE_ARCH = YES;
				SDKROOT = iphoneos;
				SWIFT_ACTIVE_COMPILATION_CONDITIONS = DEBUG;
				SWIFT_OPTIMIZATION_LEVEL = "-Onone";
			};
			name = Debug;
		};
		96BCA23327976A0A00C0B75B /* Release */ = {
			isa = XCBuildConfiguration;
			buildSettings = {
				ALWAYS_SEARCH_USER_PATHS = NO;
				CLANG_ANALYZER_NONNULL = YES;
				CLANG_ANALYZER_NUMBER_OBJECT_CONVERSION = YES_AGGRESSIVE;
				CLANG_CXX_LANGUAGE_STANDARD = "gnu++17";
				CLANG_CXX_LIBRARY = "libc++";
				CLANG_ENABLE_MODULES = YES;
				CLANG_ENABLE_OBJC_ARC = YES;
				CLANG_ENABLE_OBJC_WEAK = YES;
				CLANG_WARN_BLOCK_CAPTURE_AUTORELEASING = YES;
				CLANG_WARN_BOOL_CONVERSION = YES;
				CLANG_WARN_COMMA = YES;
				CLANG_WARN_CONSTANT_CONVERSION = YES;
				CLANG_WARN_DEPRECATED_OBJC_IMPLEMENTATIONS = YES;
				CLANG_WARN_DIRECT_OBJC_ISA_USAGE = YES_ERROR;
				CLANG_WARN_DOCUMENTATION_COMMENTS = YES;
				CLANG_WARN_EMPTY_BODY = YES;
				CLANG_WARN_ENUM_CONVERSION = YES;
				CLANG_WARN_INFINITE_RECURSION = YES;
				CLANG_WARN_INT_CONVERSION = YES;
				CLANG_WARN_NON_LITERAL_NULL_CONVERSION = YES;
				CLANG_WARN_OBJC_IMPLICIT_RETAIN_SELF = YES;
				CLANG_WARN_OBJC_LITERAL_CONVERSION = YES;
				CLANG_WARN_OBJC_ROOT_CLASS = YES_ERROR;
				CLANG_WARN_QUOTED_INCLUDE_IN_FRAMEWORK_HEADER = YES;
				CLANG_WARN_RANGE_LOOP_ANALYSIS = YES;
				CLANG_WARN_STRICT_PROTOTYPES = YES;
				CLANG_WARN_SUSPICIOUS_MOVE = YES;
				CLANG_WARN_UNGUARDED_AVAILABILITY = YES_AGGRESSIVE;
				CLANG_WARN_UNREACHABLE_CODE = YES;
				CLANG_WARN__DUPLICATE_METHOD_MATCH = YES;
				COPY_PHASE_STRIP = NO;
				DEBUG_INFORMATION_FORMAT = "dwarf-with-dsym";
				ENABLE_NS_ASSERTIONS = NO;
				ENABLE_STRICT_OBJC_MSGSEND = YES;
				GCC_C_LANGUAGE_STANDARD = gnu11;
				GCC_NO_COMMON_BLOCKS = YES;
				GCC_WARN_64_TO_32_BIT_CONVERSION = YES;
				GCC_WARN_ABOUT_RETURN_TYPE = YES_ERROR;
				GCC_WARN_UNDECLARED_SELECTOR = YES;
				GCC_WARN_UNINITIALIZED_AUTOS = YES_AGGRESSIVE;
				GCC_WARN_UNUSED_FUNCTION = YES;
				GCC_WARN_UNUSED_VARIABLE = YES;
				IPHONEOS_DEPLOYMENT_TARGET = 15.2;
				MTL_ENABLE_DEBUG_INFO = NO;
				MTL_FAST_MATH = YES;
				SDKROOT = iphoneos;
				SWIFT_COMPILATION_MODE = wholemodule;
				SWIFT_OPTIMIZATION_LEVEL = "-O";
				VALIDATE_PRODUCT = YES;
			};
			name = Release;
		};
		96BCA23527976A0A00C0B75B /* Debug */ = {
			isa = XCBuildConfiguration;
			buildSettings = {
				ASSETCATALOG_COMPILER_APPICON_NAME = AppIcon;
				ASSETCATALOG_COMPILER_GLOBAL_ACCENT_COLOR_NAME = AccentColor;
				CODE_SIGN_STYLE = Automatic;
				CURRENT_PROJECT_VERSION = 1;
				GENERATE_INFOPLIST_FILE = YES;
				INFOPLIST_FILE = Prework2ndtry/Info.plist;
				INFOPLIST_KEY_UIApplicationSupportsIndirectInputEvents = YES;
				INFOPLIST_KEY_UILaunchStoryboardName = LaunchScreen;
				INFOPLIST_KEY_UIMainStoryboardFile = Main;
				INFOPLIST_KEY_UISupportedInterfaceOrientations_iPad = "UIInterfaceOrientationPortrait UIInterfaceOrientationPortraitUpsideDown UIInterfaceOrientationLandscapeLeft UIInterfaceOrientationLandscapeRight";
				INFOPLIST_KEY_UISupportedInterfaceOrientations_iPhone = "UIInterfaceOrientationPortrait UIInterfaceOrientationLandscapeLeft UIInterfaceOrientationLandscapeRight";
				LD_RUNPATH_SEARCH_PATHS = (
					"$(inherited)",
					"@executable_path/Frameworks",
				);
				MARKETING_VERSION = 1.0;
				PRODUCT_BUNDLE_IDENTIFIER = memo.com.Prework2ndtry;
				PRODUCT_NAME = "$(TARGET_NAME)";
				SWIFT_EMIT_LOC_STRINGS = YES;
				SWIFT_VERSION = 5.0;
				TARGETED_DEVICE_FAMILY = "1,2";
			};
			name = Debug;
		};
		96BCA23627976A0A00C0B75B /* Release */ = {
			isa = XCBuildConfiguration;
			buildSettings = {
				ASSETCATALOG_COMPILER_APPICON_NAME = AppIcon;
				ASSETCATALOG_COMPILER_GLOBAL_ACCENT_COLOR_NAME = AccentColor;
				CODE_SIGN_STYLE = Automatic;
				CURRENT_PROJECT_VERSION = 1;
				GENERATE_INFOPLIST_FILE = YES;
				INFOPLIST_FILE = Prework2ndtry/Info.plist;
				INFOPLIST_KEY_UIApplicationSupportsIndirectInputEvents = YES;
				INFOPLIST_KEY_UILaunchStoryboardName = LaunchScreen;
				INFOPLIST_KEY_UIMainStoryboardFile = Main;
				INFOPLIST_KEY_UISupportedInterfaceOrientations_iPad = "UIInterfaceOrientationPortrait UIInterfaceOrientationPortraitUpsideDown UIInterfaceOrientationLandscapeLeft UIInterfaceOrientationLandscapeRight";
				INFOPLIST_KEY_UISupportedInterfaceOrientations_iPhone = "UIInterfaceOrientationPortrait UIInterfaceOrientationLandscapeLeft UIInterfaceOrientationLandscapeRight";
				LD_RUNPATH_SEARCH_PATHS = (
					"$(inherited)",
					"@executable_path/Frameworks",
				);
				MARKETING_VERSION = 1.0;
				PRODUCT_BUNDLE_IDENTIFIER = memo.com.Prework2ndtry;
				PRODUCT_NAME = "$(TARGET_NAME)";
				SWIFT_EMIT_LOC_STRINGS = YES;
				SWIFT_VERSION = 5.0;
				TARGETED_DEVICE_FAMILY = "1,2";
			};
			name = Release;
		};
		96BCA23827976A0A00C0B75B /* Debug */ = {
			isa = XCBuildConfiguration;
			buildSettings = {
				ALWAYS_EMBED_SWIFT_STANDARD_LIBRARIES = YES;
				BUNDLE_LOADER = "$(TEST_HOST)";
				CODE_SIGN_STYLE = Automatic;
				CURRENT_PROJECT_VERSION = 1;
				GENERATE_INFOPLIST_FILE = YES;
				IPHONEOS_DEPLOYMENT_TARGET = 15.2;
				MARKETING_VERSION = 1.0;
				PRODUCT_BUNDLE_IDENTIFIER = memo.com.Prework2ndtryTests;
				PRODUCT_NAME = "$(TARGET_NAME)";
				SWIFT_EMIT_LOC_STRINGS = NO;
				SWIFT_VERSION = 5.0;
				TARGETED_DEVICE_FAMILY = "1,2";
				TEST_HOST = "$(BUILT_PRODUCTS_DIR)/Prework2ndtry.app/Prework2ndtry";
			};
			name = Debug;
		};
		96BCA23927976A0A00C0B75B /* Release */ = {
			isa = XCBuildConfiguration;
			buildSettings = {
				ALWAYS_EMBED_SWIFT_STANDARD_LIBRARIES = YES;
				BUNDLE_LOADER = "$(TEST_HOST)";
				CODE_SIGN_STYLE = Automatic;
				CURRENT_PROJECT_VERSION = 1;
				GENERATE_INFOPLIST_FILE = YES;
				IPHONEOS_DEPLOYMENT_TARGET = 15.2;
				MARKETING_VERSION = 1.0;
				PRODUCT_BUNDLE_IDENTIFIER = memo.com.Prework2ndtryTests;
				PRODUCT_NAME = "$(TARGET_NAME)";
				SWIFT_EMIT_LOC_STRINGS = NO;
				SWIFT_VERSION = 5.0;
				TARGETED_DEVICE_FAMILY = "1,2";
				TEST_HOST = "$(BUILT_PRODUCTS_DIR)/Prework2ndtry.app/Prework2ndtry";
			};
			name = Release;
		};
		96BCA23B27976A0A00C0B75B /* Debug */ = {
			isa = XCBuildConfiguration;
			buildSettings = {
				ALWAYS_EMBED_SWIFT_STANDARD_LIBRARIES = YES;
				CODE_SIGN_STYLE = Automatic;
				CURRENT_PROJECT_VERSION = 1;
				GENERATE_INFOPLIST_FILE = YES;
				MARKETING_VERSION = 1.0;
				PRODUCT_BUNDLE_IDENTIFIER = memo.com.Prework2ndtryUITests;
				PRODUCT_NAME = "$(TARGET_NAME)";
				SWIFT_EMIT_LOC_STRINGS = NO;
				SWIFT_VERSION = 5.0;
				TARGETED_DEVICE_FAMILY = "1,2";
				TEST_TARGET_NAME = Prework2ndtry;
			};
			name = Debug;
		};
		96BCA23C27976A0A00C0B75B /* Release */ = {
			isa = XCBuildConfiguration;
			buildSettings = {
				ALWAYS_EMBED_SWIFT_STANDARD_LIBRARIES = YES;
				CODE_SIGN_STYLE = Automatic;
				CURRENT_PROJECT_VERSION = 1;
				GENERATE_INFOPLIST_FILE = YES;
				MARKETING_VERSION = 1.0;
				PRODUCT_BUNDLE_IDENTIFIER = memo.com.Prework2ndtryUITests;
				PRODUCT_NAME = "$(TARGET_NAME)";
				SWIFT_EMIT_LOC_STRINGS = NO;
				SWIFT_VERSION = 5.0;
				TARGETED_DEVICE_FAMILY = "1,2";
				TEST_TARGET_NAME = Prework2ndtry;
			};
			name = Release;
		};
/* End XCBuildConfiguration section */

/* Begin XCConfigurationList section */
		96BCA20527976A0800C0B75B /* Build configuration list for PBXProject "Prework2ndtry" */ = {
			isa = XCConfigurationList;
			buildConfigurations = (
				96BCA23227976A0A00C0B75B /* Debug */,
				96BCA23327976A0A00C0B75B /* Release */,
			);
			defaultConfigurationIsVisible = 0;
			defaultConfigurationName = Release;
		};
		96BCA23427976A0A00C0B75B /* Build configuration list for PBXNativeTarget "Prework2ndtry" */ = {
			isa = XCConfigurationList;
			buildConfigurations = (
				96BCA23527976A0A00C0B75B /* Debug */,
				96BCA23627976A0A00C0B75B /* Release */,
			);
			defaultConfigurationIsVisible = 0;
			defaultConfigurationName = Release;
		};
		96BCA23727976A0A00C0B75B /* Build configuration list for PBXNativeTarget "Prework2ndtryTests" */ = {
			isa = XCConfigurationList;
			buildConfigurations = (
				96BCA23827976A0A00C0B75B /* Debug */,
				96BCA23927976A0A00C0B75B /* Release */,
			);
			defaultConfigurationIsVisible = 0;
			defaultConfigurationName = Release;
		};
		96BCA23A27976A0A00C0B75B /* Build configuration list for PBXNativeTarget "Prework2ndtryUITests" */ = {
			isa = XCConfigurationList;
			buildConfigurations = (
				96BCA23B27976A0A00C0B75B /* Debug */,
				96BCA23C27976A0A00C0B75B /* Release */,
			);
			defaultConfigurationIsVisible = 0;
			defaultConfigurationName = Release;
		};
/* End XCConfigurationList section */
	};
	rootObject = 96BCA20227976A0800C0B75B /* Project object */;
}
